// !$*UTF8*$!
{
	archiveVersion = 1;
	classes = {
	};
	objectVersion = 55;
	objects = {

/* Begin PBXBuildFile section */
		1EE2DC1E9A2FD799EEAABE3C /* Pods_FlixTests.framework in Frameworks */ = {isa = PBXBuildFile; fileRef = C7965D661EE9A83A4BFFCFE3 /* Pods_FlixTests.framework */; };
		7D2DE86D27B0648B0057C851 /* AppDelegate.swift in Sources */ = {isa = PBXBuildFile; fileRef = 7D2DE86C27B0648B0057C851 /* AppDelegate.swift */; };
		7D2DE86F27B0648B0057C851 /* SceneDelegate.swift in Sources */ = {isa = PBXBuildFile; fileRef = 7D2DE86E27B0648B0057C851 /* SceneDelegate.swift */; };
		7D2DE87127B0648B0057C851 /* MoviesViewController.swift in Sources */ = {isa = PBXBuildFile; fileRef = 7D2DE87027B0648B0057C851 /* MoviesViewController.swift */; };
		7D2DE87427B0648B0057C851 /* Main.storyboard in Resources */ = {isa = PBXBuildFile; fileRef = 7D2DE87227B0648B0057C851 /* Main.storyboard */; };
		7D2DE87627B0648F0057C851 /* Assets.xcassets in Resources */ = {isa = PBXBuildFile; fileRef = 7D2DE87527B0648F0057C851 /* Assets.xcassets */; };
		7D2DE87927B0648F0057C851 /* LaunchScreen.storyboard in Resources */ = {isa = PBXBuildFile; fileRef = 7D2DE87727B0648F0057C851 /* LaunchScreen.storyboard */; };
		7D2DE88427B064900057C851 /* FlixTests.swift in Sources */ = {isa = PBXBuildFile; fileRef = 7D2DE88327B064900057C851 /* FlixTests.swift */; };
		7D2DE88E27B064900057C851 /* FlixUITests.swift in Sources */ = {isa = PBXBuildFile; fileRef = 7D2DE88D27B064900057C851 /* FlixUITests.swift */; };
		7D2DE89027B064900057C851 /* FlixUITestsLaunchTests.swift in Sources */ = {isa = PBXBuildFile; fileRef = 7D2DE88F27B064900057C851 /* FlixUITestsLaunchTests.swift */; };
		7D2DE89D27B09CEF0057C851 /* MovieCell.swift in Sources */ = {isa = PBXBuildFile; fileRef = 7D2DE89C27B09CEF0057C851 /* MovieCell.swift */; };
		7D6752E327B9E43C001719BB /* MovieDetailsViewController.swift in Sources */ = {isa = PBXBuildFile; fileRef = 7D6752E227B9E43C001719BB /* MovieDetailsViewController.swift */; };
		7D6752E527BA03E6001719BB /* MovieGridViewController.swift in Sources */ = {isa = PBXBuildFile; fileRef = 7D6752E427BA03E6001719BB /* MovieGridViewController.swift */; };
		7D6752E727BA0914001719BB /* MovieGridCell.swift in Sources */ = {isa = PBXBuildFile; fileRef = 7D6752E627BA0914001719BB /* MovieGridCell.swift */; };
		7D972A5B27B0AE2E009EADD6 /* AlamofireImage in Frameworks */ = {isa = PBXBuildFile; productRef = 7D972A5A27B0AE2E009EADD6 /* AlamofireImage */; };
		8AAE66B5255DB89441456927 /* Pods_Flix.framework in Frameworks */ = {isa = PBXBuildFile; fileRef = B78C32F5A4BC2A1DC7310AED /* Pods_Flix.framework */; };
		F9ABFCB22EFEE8D66874E14F /* Pods_Flix_FlixUITests.framework in Frameworks */ = {isa = PBXBuildFile; fileRef = E86BFAFF01C87E7D2F8E691C /* Pods_Flix_FlixUITests.framework */; };
/* End PBXBuildFile section */

/* Begin PBXContainerItemProxy section */
		7D2DE88027B064900057C851 /* PBXContainerItemProxy */ = {
			isa = PBXContainerItemProxy;
			containerPortal = 7D2DE86127B0648A0057C851 /* Project object */;
			proxyType = 1;
			remoteGlobalIDString = 7D2DE86827B0648A0057C851;
			remoteInfo = Flix;
		};
		7D2DE88A27B064900057C851 /* PBXContainerItemProxy */ = {
			isa = PBXContainerItemProxy;
			containerPortal = 7D2DE86127B0648A0057C851 /* Project object */;
			proxyType = 1;
			remoteGlobalIDString = 7D2DE86827B0648A0057C851;
			remoteInfo = Flix;
		};
/* End PBXContainerItemProxy section */

/* Begin PBXFileReference section */
		1406EC5F2FCD3256399A3E7C /* Pods-Flix.debug.xcconfig */ = {isa = PBXFileReference; includeInIndex = 1; lastKnownFileType = text.xcconfig; name = "Pods-Flix.debug.xcconfig"; path = "Target Support Files/Pods-Flix/Pods-Flix.debug.xcconfig"; sourceTree = "<group>"; };
		7D2DE86927B0648B0057C851 /* Flix.app */ = {isa = PBXFileReference; explicitFileType = wrapper.application; includeInIndex = 0; path = Flix.app; sourceTree = BUILT_PRODUCTS_DIR; };
		7D2DE86C27B0648B0057C851 /* AppDelegate.swift */ = {isa = PBXFileReference; lastKnownFileType = sourcecode.swift; path = AppDelegate.swift; sourceTree = "<group>"; };
		7D2DE86E27B0648B0057C851 /* SceneDelegate.swift */ = {isa = PBXFileReference; lastKnownFileType = sourcecode.swift; path = SceneDelegate.swift; sourceTree = "<group>"; };
		7D2DE87027B0648B0057C851 /* MoviesViewController.swift */ = {isa = PBXFileReference; lastKnownFileType = sourcecode.swift; path = MoviesViewController.swift; sourceTree = "<group>"; };
		7D2DE87327B0648B0057C851 /* Base */ = {isa = PBXFileReference; lastKnownFileType = file.storyboard; name = Base; path = Base.lproj/Main.storyboard; sourceTree = "<group>"; };
		7D2DE87527B0648F0057C851 /* Assets.xcassets */ = {isa = PBXFileReference; lastKnownFileType = folder.assetcatalog; path = Assets.xcassets; sourceTree = "<group>"; };
		7D2DE87827B0648F0057C851 /* Base */ = {isa = PBXFileReference; lastKnownFileType = file.storyboard; name = Base; path = Base.lproj/LaunchScreen.storyboard; sourceTree = "<group>"; };
		7D2DE87A27B0648F0057C851 /* Info.plist */ = {isa = PBXFileReference; lastKnownFileType = text.plist.xml; path = Info.plist; sourceTree = "<group>"; };
		7D2DE87F27B064900057C851 /* FlixTests.xctest */ = {isa = PBXFileReference; explicitFileType = wrapper.cfbundle; includeInIndex = 0; path = FlixTests.xctest; sourceTree = BUILT_PRODUCTS_DIR; };
		7D2DE88327B064900057C851 /* FlixTests.swift */ = {isa = PBXFileReference; lastKnownFileType = sourcecode.swift; path = FlixTests.swift; sourceTree = "<group>"; };
		7D2DE88927B064900057C851 /* FlixUITests.xctest */ = {isa = PBXFileReference; explicitFileType = wrapper.cfbundle; includeInIndex = 0; path = FlixUITests.xctest; sourceTree = BUILT_PRODUCTS_DIR; };
		7D2DE88D27B064900057C851 /* FlixUITests.swift */ = {isa = PBXFileReference; lastKnownFileType = sourcecode.swift; path = FlixUITests.swift; sourceTree = "<group>"; };
		7D2DE88F27B064900057C851 /* FlixUITestsLaunchTests.swift */ = {isa = PBXFileReference; lastKnownFileType = sourcecode.swift; path = FlixUITestsLaunchTests.swift; sourceTree = "<group>"; };
		7D2DE89C27B09CEF0057C851 /* MovieCell.swift */ = {isa = PBXFileReference; lastKnownFileType = sourcecode.swift; path = MovieCell.swift; sourceTree = "<group>"; };
		7D6752E227B9E43C001719BB /* MovieDetailsViewController.swift */ = {isa = PBXFileReference; lastKnownFileType = sourcecode.swift; path = MovieDetailsViewController.swift; sourceTree = "<group>"; };
		7D6752E427BA03E6001719BB /* MovieGridViewController.swift */ = {isa = PBXFileReference; lastKnownFileType = sourcecode.swift; path = MovieGridViewController.swift; sourceTree = "<group>"; };
		7D6752E627BA0914001719BB /* MovieGridCell.swift */ = {isa = PBXFileReference; lastKnownFileType = sourcecode.swift; path = MovieGridCell.swift; sourceTree = "<group>"; };
		A59049943CDCAC123CA496C9 /* Pods-Flix-FlixUITests.release.xcconfig */ = {isa = PBXFileReference; includeInIndex = 1; lastKnownFileType = text.xcconfig; name = "Pods-Flix-FlixUITests.release.xcconfig"; path = "Target Support Files/Pods-Flix-FlixUITests/Pods-Flix-FlixUITests.release.xcconfig"; sourceTree = "<group>"; };
		B78C32F5A4BC2A1DC7310AED /* Pods_Flix.framework */ = {isa = PBXFileReference; explicitFileType = wrapper.framework; includeInIndex = 0; path = Pods_Flix.framework; sourceTree = BUILT_PRODUCTS_DIR; };
		BFC9AFEC9881BF5AC5042D6E /* Pods-Flix.release.xcconfig */ = {isa = PBXFileReference; includeInIndex = 1; lastKnownFileType = text.xcconfig; name = "Pods-Flix.release.xcconfig"; path = "Target Support Files/Pods-Flix/Pods-Flix.release.xcconfig"; sourceTree = "<group>"; };
		C32F08F0ADFABCDB9C33A70D /* Pods-FlixTests.release.xcconfig */ = {isa = PBXFileReference; includeInIndex = 1; lastKnownFileType = text.xcconfig; name = "Pods-FlixTests.release.xcconfig"; path = "Target Support Files/Pods-FlixTests/Pods-FlixTests.release.xcconfig"; sourceTree = "<group>"; };
		C41BB3F0442348BB96DEE854 /* Pods-FlixTests.debug.xcconfig */ = {isa = PBXFileReference; includeInIndex = 1; lastKnownFileType = text.xcconfig; name = "Pods-FlixTests.debug.xcconfig"; path = "Target Support Files/Pods-FlixTests/Pods-FlixTests.debug.xcconfig"; sourceTree = "<group>"; };
		C7965D661EE9A83A4BFFCFE3 /* Pods_FlixTests.framework */ = {isa = PBXFileReference; explicitFileType = wrapper.framework; includeInIndex = 0; path = Pods_FlixTests.framework; sourceTree = BUILT_PRODUCTS_DIR; };
		E86BFAFF01C87E7D2F8E691C /* Pods_Flix_FlixUITests.framework */ = {isa = PBXFileReference; explicitFileType = wrapper.framework; includeInIndex = 0; path = Pods_Flix_FlixUITests.framework; sourceTree = BUILT_PRODUCTS_DIR; };
		FE0F35B80DD05312FE051D5C /* Pods-Flix-FlixUITests.debug.xcconfig */ = {isa = PBXFileReference; includeInIndex = 1; lastKnownFileType = text.xcconfig; name = "Pods-Flix-FlixUITests.debug.xcconfig"; path = "Target Support Files/Pods-Flix-FlixUITests/Pods-Flix-FlixUITests.debug.xcconfig"; sourceTree = "<group>"; };
/* End PBXFileReference section */

/* Begin PBXFrameworksBuildPhase section */
		7D2DE86627B0648A0057C851 /* Frameworks */ = {
			isa = PBXFrameworksBuildPhase;
			buildActionMask = 2147483647;
			files = (
				7D972A5B27B0AE2E009EADD6 /* AlamofireImage in Frameworks */,
				8AAE66B5255DB89441456927 /* Pods_Flix.framework in Frameworks */,
			);
			runOnlyForDeploymentPostprocessing = 0;
		};
		7D2DE87C27B064900057C851 /* Frameworks */ = {
			isa = PBXFrameworksBuildPhase;
			buildActionMask = 2147483647;
			files = (
				1EE2DC1E9A2FD799EEAABE3C /* Pods_FlixTests.framework in Frameworks */,
			);
			runOnlyForDeploymentPostprocessing = 0;
		};
		7D2DE88627B064900057C851 /* Frameworks */ = {
			isa = PBXFrameworksBuildPhase;
			buildActionMask = 2147483647;
			files = (
				F9ABFCB22EFEE8D66874E14F /* Pods_Flix_FlixUITests.framework in Frameworks */,
			);
			runOnlyForDeploymentPostprocessing = 0;
		};
/* End PBXFrameworksBuildPhase section */

/* Begin PBXGroup section */
		14D06B587602FE27A591634F /* Pods */ = {
			isa = PBXGroup;
			children = (
				1406EC5F2FCD3256399A3E7C /* Pods-Flix.debug.xcconfig */,
				BFC9AFEC9881BF5AC5042D6E /* Pods-Flix.release.xcconfig */,
				FE0F35B80DD05312FE051D5C /* Pods-Flix-FlixUITests.debug.xcconfig */,
				A59049943CDCAC123CA496C9 /* Pods-Flix-FlixUITests.release.xcconfig */,
				C41BB3F0442348BB96DEE854 /* Pods-FlixTests.debug.xcconfig */,
				C32F08F0ADFABCDB9C33A70D /* Pods-FlixTests.release.xcconfig */,
			);
			path = Pods;
			sourceTree = "<group>";
		};
		4449E500CF9380EE40EC2A7B /* Frameworks */ = {
			isa = PBXGroup;
			children = (
				B78C32F5A4BC2A1DC7310AED /* Pods_Flix.framework */,
				E86BFAFF01C87E7D2F8E691C /* Pods_Flix_FlixUITests.framework */,
				C7965D661EE9A83A4BFFCFE3 /* Pods_FlixTests.framework */,
			);
			name = Frameworks;
			sourceTree = "<group>";
		};
		7D2DE86027B0648A0057C851 = {
			isa = PBXGroup;
			children = (
				7D2DE86B27B0648B0057C851 /* Flix */,
				7D2DE88227B064900057C851 /* FlixTests */,
				7D2DE88C27B064900057C851 /* FlixUITests */,
				7D2DE86A27B0648B0057C851 /* Products */,
				14D06B587602FE27A591634F /* Pods */,
				4449E500CF9380EE40EC2A7B /* Frameworks */,
			);
			sourceTree = "<group>";
		};
		7D2DE86A27B0648B0057C851 /* Products */ = {
			isa = PBXGroup;
			children = (
				7D2DE86927B0648B0057C851 /* Flix.app */,
				7D2DE87F27B064900057C851 /* FlixTests.xctest */,
				7D2DE88927B064900057C851 /* FlixUITests.xctest */,
			);
			name = Products;
			sourceTree = "<group>";
		};
		7D2DE86B27B0648B0057C851 /* Flix */ = {
			isa = PBXGroup;
			children = (
				7D2DE86C27B0648B0057C851 /* AppDelegate.swift */,
				7D2DE86E27B0648B0057C851 /* SceneDelegate.swift */,
				7D2DE87027B0648B0057C851 /* MoviesViewController.swift */,
				7D6752E227B9E43C001719BB /* MovieDetailsViewController.swift */,
				7D2DE87227B0648B0057C851 /* Main.storyboard */,
				7D6752E627BA0914001719BB /* MovieGridCell.swift */,
				7D6752E427BA03E6001719BB /* MovieGridViewController.swift */,
				7D2DE89C27B09CEF0057C851 /* MovieCell.swift */,
				7D2DE87527B0648F0057C851 /* Assets.xcassets */,
				7D2DE87727B0648F0057C851 /* LaunchScreen.storyboard */,
				7D2DE87A27B0648F0057C851 /* Info.plist */,
			);
			path = Flix;
			sourceTree = "<group>";
		};
		7D2DE88227B064900057C851 /* FlixTests */ = {
			isa = PBXGroup;
			children = (
				7D2DE88327B064900057C851 /* FlixTests.swift */,
			);
			path = FlixTests;
			sourceTree = "<group>";
		};
		7D2DE88C27B064900057C851 /* FlixUITests */ = {
			isa = PBXGroup;
			children = (
				7D2DE88D27B064900057C851 /* FlixUITests.swift */,
				7D2DE88F27B064900057C851 /* FlixUITestsLaunchTests.swift */,
			);
			path = FlixUITests;
			sourceTree = "<group>";
		};
/* End PBXGroup section */

/* Begin PBXNativeTarget section */
		7D2DE86827B0648A0057C851 /* Flix */ = {
			isa = PBXNativeTarget;
			buildConfigurationList = 7D2DE89327B064900057C851 /* Build configuration list for PBXNativeTarget "Flix" */;
			buildPhases = (
				82BC3E2EF6EA8123337FC2C9 /* [CP] Check Pods Manifest.lock */,
				7D2DE86527B0648A0057C851 /* Sources */,
				7D2DE86627B0648A0057C851 /* Frameworks */,
				7D2DE86727B0648A0057C851 /* Resources */,
				6C7461E7FE21FEDE335E9AF9 /* [CP] Embed Pods Frameworks */,
			);
			buildRules = (
			);
			dependencies = (
			);
			name = Flix;
			packageProductDependencies = (
				7D972A5A27B0AE2E009EADD6 /* AlamofireImage */,
			);
			productName = Flix;
			productReference = 7D2DE86927B0648B0057C851 /* Flix.app */;
			productType = "com.apple.product-type.application";
		};
		7D2DE87E27B064900057C851 /* FlixTests */ = {
			isa = PBXNativeTarget;
			buildConfigurationList = 7D2DE89627B064900057C851 /* Build configuration list for PBXNativeTarget "FlixTests" */;
			buildPhases = (
				AAE962B6813C188C678CA7E4 /* [CP] Check Pods Manifest.lock */,
				7D2DE87B27B064900057C851 /* Sources */,
				7D2DE87C27B064900057C851 /* Frameworks */,
				7D2DE87D27B064900057C851 /* Resources */,
			);
			buildRules = (
			);
			dependencies = (
				7D2DE88127B064900057C851 /* PBXTargetDependency */,
			);
			name = FlixTests;
			productName = FlixTests;
			productReference = 7D2DE87F27B064900057C851 /* FlixTests.xctest */;
			productType = "com.apple.product-type.bundle.unit-test";
		};
		7D2DE88827B064900057C851 /* FlixUITests */ = {
			isa = PBXNativeTarget;
			buildConfigurationList = 7D2DE89927B064900057C851 /* Build configuration list for PBXNativeTarget "FlixUITests" */;
			buildPhases = (
				83D6830CA499D055C819CCFA /* [CP] Check Pods Manifest.lock */,
				7D2DE88527B064900057C851 /* Sources */,
				7D2DE88627B064900057C851 /* Frameworks */,
				7D2DE88727B064900057C851 /* Resources */,
				7B3BE4841E91DDC3DBA94E5A /* [CP] Embed Pods Frameworks */,
			);
			buildRules = (
			);
			dependencies = (
				7D2DE88B27B064900057C851 /* PBXTargetDependency */,
			);
			name = FlixUITests;
			productName = FlixUITests;
			productReference = 7D2DE88927B064900057C851 /* FlixUITests.xctest */;
			productType = "com.apple.product-type.bundle.ui-testing";
		};
/* End PBXNativeTarget section */

/* Begin PBXProject section */
		7D2DE86127B0648A0057C851 /* Project object */ = {
			isa = PBXProject;
			attributes = {
				BuildIndependentTargetsInParallel = 1;
				LastSwiftUpdateCheck = 1320;
				LastUpgradeCheck = 1320;
				TargetAttributes = {
					7D2DE86827B0648A0057C851 = {
						CreatedOnToolsVersion = 13.2.1;
					};
					7D2DE87E27B064900057C851 = {
						CreatedOnToolsVersion = 13.2.1;
						TestTargetID = 7D2DE86827B0648A0057C851;
					};
					7D2DE88827B064900057C851 = {
						CreatedOnToolsVersion = 13.2.1;
						TestTargetID = 7D2DE86827B0648A0057C851;
					};
				};
			};
			buildConfigurationList = 7D2DE86427B0648A0057C851 /* Build configuration list for PBXProject "Flix" */;
			compatibilityVersion = "Xcode 13.0";
			developmentRegion = en;
			hasScannedForEncodings = 0;
			knownRegions = (
				en,
				Base,
			);
			mainGroup = 7D2DE86027B0648A0057C851;
			packageReferences = (
				7D972A5927B0AE2E009EADD6 /* XCRemoteSwiftPackageReference "AlamofireImage" */,
			);
			productRefGroup = 7D2DE86A27B0648B0057C851 /* Products */;
			projectDirPath = "";
			projectRoot = "";
			targets = (
				7D2DE86827B0648A0057C851 /* Flix */,
				7D2DE87E27B064900057C851 /* FlixTests */,
				7D2DE88827B064900057C851 /* FlixUITests */,
			);
		};
/* End PBXProject section */

/* Begin PBXResourcesBuildPhase section */
		7D2DE86727B0648A0057C851 /* Resources */ = {
			isa = PBXResourcesBuildPhase;
			buildActionMask = 2147483647;
			files = (
				7D2DE87927B0648F0057C851 /* LaunchScreen.storyboard in Resources */,
				7D2DE87627B0648F0057C851 /* Assets.xcassets in Resources */,
				7D2DE87427B0648B0057C851 /* Main.storyboard in Resources */,
			);
			runOnlyForDeploymentPostprocessing = 0;
		};
		7D2DE87D27B064900057C851 /* Resources */ = {
			isa = PBXResourcesBuildPhase;
			buildActionMask = 2147483647;
			files = (
			);
			runOnlyForDeploymentPostprocessing = 0;
		};
		7D2DE88727B064900057C851 /* Resources */ = {
			isa = PBXResourcesBuildPhase;
			buildActionMask = 2147483647;
			files = (
			);
			runOnlyForDeploymentPostprocessing = 0;
		};
/* End PBXResourcesBuildPhase section */

/* Begin PBXShellScriptBuildPhase section */
		6C7461E7FE21FEDE335E9AF9 /* [CP] Embed Pods Frameworks */ = {
			isa = PBXShellScriptBuildPhase;
			buildActionMask = 2147483647;
			files = (
			);
			inputFileListPaths = (
				"${PODS_ROOT}/Target Support Files/Pods-Flix/Pods-Flix-frameworks-${CONFIGURATION}-input-files.xcfilelist",
			);
			name = "[CP] Embed Pods Frameworks";
			outputFileListPaths = (
				"${PODS_ROOT}/Target Support Files/Pods-Flix/Pods-Flix-frameworks-${CONFIGURATION}-output-files.xcfilelist",
			);
			runOnlyForDeploymentPostprocessing = 0;
			shellPath = /bin/sh;
			shellScript = "\"${PODS_ROOT}/Target Support Files/Pods-Flix/Pods-Flix-frameworks.sh\"\n";
			showEnvVarsInLog = 0;
		};
		7B3BE4841E91DDC3DBA94E5A /* [CP] Embed Pods Frameworks */ = {
			isa = PBXShellScriptBuildPhase;
			buildActionMask = 2147483647;
			files = (
			);
			inputFileListPaths = (
				"${PODS_ROOT}/Target Support Files/Pods-Flix-FlixUITests/Pods-Flix-FlixUITests-frameworks-${CONFIGURATION}-input-files.xcfilelist",
			);
			name = "[CP] Embed Pods Frameworks";
			outputFileListPaths = (
				"${PODS_ROOT}/Target Support Files/Pods-Flix-FlixUITests/Pods-Flix-FlixUITests-frameworks-${CONFIGURATION}-output-files.xcfilelist",
			);
			runOnlyForDeploymentPostprocessing = 0;
			shellPath = /bin/sh;
			shellScript = "\"${PODS_ROOT}/Target Support Files/Pods-Flix-FlixUITests/Pods-Flix-FlixUITests-frameworks.sh\"\n";
			showEnvVarsInLog = 0;
		};
		82BC3E2EF6EA8123337FC2C9 /* [CP] Check Pods Manifest.lock */ = {
			isa = PBXShellScriptBuildPhase;
			buildActionMask = 2147483647;
			files = (
			);
			inputFileListPaths = (
			);
			inputPaths = (
				"${PODS_PODFILE_DIR_PATH}/Podfile.lock",
				"${PODS_ROOT}/Manifest.lock",
			);
			name = "[CP] Check Pods Manifest.lock";
			outputFileListPaths = (
			);
			outputPaths = (
				"$(DERIVED_FILE_DIR)/Pods-Flix-checkManifestLockResult.txt",
			);
			runOnlyForDeploymentPostprocessing = 0;
			shellPath = /bin/sh;
			shellScript = "diff \"${PODS_PODFILE_DIR_PATH}/Podfile.lock\" \"${PODS_ROOT}/Manifest.lock\" > /dev/null\nif [ $? != 0 ] ; then\n    # print error to STDERR\n    echo \"error: The sandbox is not in sync with the Podfile.lock. Run 'pod install' or update your CocoaPods installation.\" >&2\n    exit 1\nfi\n# This output is used by Xcode 'outputs' to avoid re-running this script phase.\necho \"SUCCESS\" > \"${SCRIPT_OUTPUT_FILE_0}\"\n";
			showEnvVarsInLog = 0;
		};
		83D6830CA499D055C819CCFA /* [CP] Check Pods Manifest.lock */ = {
			isa = PBXShellScriptBuildPhase;
			buildActionMask = 2147483647;
			files = (
			);
			inputFileListPaths = (
			);
			inputPaths = (
				"${PODS_PODFILE_DIR_PATH}/Podfile.lock",
				"${PODS_ROOT}/Manifest.lock",
			);
			name = "[CP] Check Pods Manifest.lock";
			outputFileListPaths = (
			);
			outputPaths = (
				"$(DERIVED_FILE_DIR)/Pods-Flix-FlixUITests-checkManifestLockResult.txt",
			);
			runOnlyForDeploymentPostprocessing = 0;
			shellPath = /bin/sh;
			shellScript = "diff \"${PODS_PODFILE_DIR_PATH}/Podfile.lock\" \"${PODS_ROOT}/Manifest.lock\" > /dev/null\nif [ $? != 0 ] ; then\n    # print error to STDERR\n    echo \"error: The sandbox is not in sync with the Podfile.lock. Run 'pod install' or update your CocoaPods installation.\" >&2\n    exit 1\nfi\n# This output is used by Xcode 'outputs' to avoid re-running this script phase.\necho \"SUCCESS\" > \"${SCRIPT_OUTPUT_FILE_0}\"\n";
			showEnvVarsInLog = 0;
		};
		AAE962B6813C188C678CA7E4 /* [CP] Check Pods Manifest.lock */ = {
			isa = PBXShellScriptBuildPhase;
			buildActionMask = 2147483647;
			files = (
			);
			inputFileListPaths = (
			);
			inputPaths = (
				"${PODS_PODFILE_DIR_PATH}/Podfile.lock",
				"${PODS_ROOT}/Manifest.lock",
			);
			name = "[CP] Check Pods Manifest.lock";
			outputFileListPaths = (
			);
			outputPaths = (
				"$(DERIVED_FILE_DIR)/Pods-FlixTests-checkManifestLockResult.txt",
			);
			runOnlyForDeploymentPostprocessing = 0;
			shellPath = /bin/sh;
			shellScript = "diff \"${PODS_PODFILE_DIR_PATH}/Podfile.lock\" \"${PODS_ROOT}/Manifest.lock\" > /dev/null\nif [ $? != 0 ] ; then\n    # print error to STDERR\n    echo \"error: The sandbox is not in sync with the Podfile.lock. Run 'pod install' or update your CocoaPods installation.\" >&2\n    exit 1\nfi\n# This output is used by Xcode 'outputs' to avoid re-running this script phase.\necho \"SUCCESS\" > \"${SCRIPT_OUTPUT_FILE_0}\"\n";
			showEnvVarsInLog = 0;
		};
/* End PBXShellScriptBuildPhase section */

/* Begin PBXSourcesBuildPhase section */
		7D2DE86527B0648A0057C851 /* Sources */ = {
			isa = PBXSourcesBuildPhase;
			buildActionMask = 2147483647;
			files = (
				7D6752E327B9E43C001719BB /* MovieDetailsViewController.swift in Sources */,
				7D2DE87127B0648B0057C851 /* MoviesViewController.swift in Sources */,
				7D2DE86D27B0648B0057C851 /* AppDelegate.swift in Sources */,
				7D2DE89D27B09CEF0057C851 /* MovieCell.swift in Sources */,
				7D2DE86F27B0648B0057C851 /* SceneDelegate.swift in Sources */,
				7D6752E527BA03E6001719BB /* MovieGridViewController.swift in Sources */,
				7D6752E727BA0914001719BB /* MovieGridCell.swift in Sources */,
			);
			runOnlyForDeploymentPostprocessing = 0;
		};
		7D2DE87B27B064900057C851 /* Sources */ = {
			isa = PBXSourcesBuildPhase;
			buildActionMask = 2147483647;
			files = (
				7D2DE88427B064900057C851 /* FlixTests.swift in Sources */,
			);
			runOnlyForDeploymentPostprocessing = 0;
		};
		7D2DE88527B064900057C851 /* Sources */ = {
			isa = PBXSourcesBuildPhase;
			buildActionMask = 2147483647;
			files = (
				7D2DE88E27B064900057C851 /* FlixUITests.swift in Sources */,
				7D2DE89027B064900057C851 /* FlixUITestsLaunchTests.swift in Sources */,
			);
			runOnlyForDeploymentPostprocessing = 0;
		};
/* End PBXSourcesBuildPhase section */

/* Begin PBXTargetDependency section */
		7D2DE88127B064900057C851 /* PBXTargetDependency */ = {
			isa = PBXTargetDependency;
			target = 7D2DE86827B0648A0057C851 /* Flix */;
			targetProxy = 7D2DE88027B064900057C851 /* PBXContainerItemProxy */;
		};
		7D2DE88B27B064900057C851 /* PBXTargetDependency */ = {
			isa = PBXTargetDependency;
			target = 7D2DE86827B0648A0057C851 /* Flix */;
			targetProxy = 7D2DE88A27B064900057C851 /* PBXContainerItemProxy */;
		};
/* End PBXTargetDependency section */

/* Begin PBXVariantGroup section */
		7D2DE87227B0648B0057C851 /* Main.storyboard */ = {
			isa = PBXVariantGroup;
			children = (
				7D2DE87327B0648B0057C851 /* Base */,
			);
			name = Main.storyboard;
			sourceTree = "<group>";
		};
		7D2DE87727B0648F0057C851 /* LaunchScreen.storyboard */ = {
			isa = PBXVariantGroup;
			children = (
				7D2DE87827B0648F0057C851 /* Base */,
			);
			name = LaunchScreen.storyboard;
			sourceTree = "<group>";
		};
/* End PBXVariantGroup section */

/* Begin XCBuildConfiguration section */
		7D2DE89127B064900057C851 /* Debug */ = {
			isa = XCBuildConfiguration;
			buildSettings = {
				ALWAYS_SEARCH_USER_PATHS = NO;
				CLANG_ANALYZER_NONNULL = YES;
				CLANG_ANALYZER_NUMBER_OBJECT_CONVERSION = YES_AGGRESSIVE;
				CLANG_CXX_LANGUAGE_STANDARD = "gnu++17";
				CLANG_CXX_LIBRARY = "libc++";
				CLANG_ENABLE_MODULES = YES;
				CLANG_ENABLE_OBJC_ARC = YES;
				CLANG_ENABLE_OBJC_WEAK = YES;
				CLANG_WARN_BLOCK_CAPTURE_AUTORELEASING = YES;
				CLANG_WARN_BOOL_CONVERSION = YES;
				CLANG_WARN_COMMA = YES;
				CLANG_WARN_CONSTANT_CONVERSION = YES;
				CLANG_WARN_DEPRECATED_OBJC_IMPLEMENTATIONS = YES;
				CLANG_WARN_DIRECT_OBJC_ISA_USAGE = YES_ERROR;
				CLANG_WARN_DOCUMENTATION_COMMENTS = YES;
				CLANG_WARN_EMPTY_BODY = YES;
				CLANG_WARN_ENUM_CONVERSION = YES;
				CLANG_WARN_INFINITE_RECURSION = YES;
				CLANG_WARN_INT_CONVERSION = YES;
				CLANG_WARN_NON_LITERAL_NULL_CONVERSION = YES;
				CLANG_WARN_OBJC_IMPLICIT_RETAIN_SELF = YES;
				CLANG_WARN_OBJC_LITERAL_CONVERSION = YES;
				CLANG_WARN_OBJC_ROOT_CLASS = YES_ERROR;
				CLANG_WARN_QUOTED_INCLUDE_IN_FRAMEWORK_HEADER = YES;
				CLANG_WARN_RANGE_LOOP_ANALYSIS = YES;
				CLANG_WARN_STRICT_PROTOTYPES = YES;
				CLANG_WARN_SUSPICIOUS_MOVE = YES;
				CLANG_WARN_UNGUARDED_AVAILABILITY = YES_AGGRESSIVE;
				CLANG_WARN_UNREACHABLE_CODE = YES;
				CLANG_WARN__DUPLICATE_METHOD_MATCH = YES;
				COPY_PHASE_STRIP = NO;
				DEBUG_INFORMATION_FORMAT = dwarf;
				ENABLE_STRICT_OBJC_MSGSEND = YES;
				ENABLE_TESTABILITY = YES;
				GCC_C_LANGUAGE_STANDARD = gnu11;
				GCC_DYNAMIC_NO_PIC = NO;
				GCC_NO_COMMON_BLOCKS = YES;
				GCC_OPTIMIZATION_LEVEL = 0;
				GCC_PREPROCESSOR_DEFINITIONS = (
					"DEBUG=1",
					"$(inherited)",
				);
				GCC_WARN_64_TO_32_BIT_CONVERSION = YES;
				GCC_WARN_ABOUT_RETURN_TYPE = YES_ERROR;
				GCC_WARN_UNDECLARED_SELECTOR = YES;
				GCC_WARN_UNINITIALIZED_AUTOS = YES_AGGRESSIVE;
				GCC_WARN_UNUSED_FUNCTION = YES;
				GCC_WARN_UNUSED_VARIABLE = YES;
				IPHONEOS_DEPLOYMENT_TARGET = 15.2;
				MTL_ENABLE_DEBUG_INFO = INCLUDE_SOURCE;
				MTL_FAST_MATH = YES;
				ONLY_ACTIVE_ARCH = YES;
				SDKROOT = iphoneos;
				SWIFT_ACTIVE_COMPILATION_CONDITIONS = DEBUG;
				SWIFT_OPTIMIZATION_LEVEL = "-Onone";
			};
			name = Debug;
		};
		7D2DE89227B064900057C851 /* Release */ = {
			isa = XCBuildConfiguration;
			buildSettings = {
				ALWAYS_SEARCH_USER_PATHS = NO;
				CLANG_ANALYZER_NONNULL = YES;
				CLANG_ANALYZER_NUMBER_OBJECT_CONVERSION = YES_AGGRESSIVE;
				CLANG_CXX_LANGUAGE_STANDARD = "gnu++17";
				CLANG_CXX_LIBRARY = "libc++";
				CLANG_ENABLE_MODULES = YES;
				CLANG_ENABLE_OBJC_ARC = YES;
				CLANG_ENABLE_OBJC_WEAK = YES;
				CLANG_WARN_BLOCK_CAPTURE_AUTORELEASING = YES;
				CLANG_WARN_BOOL_CONVERSION = YES;
				CLANG_WARN_COMMA = YES;
				CLANG_WARN_CONSTANT_CONVERSION = YES;
				CLANG_WARN_DEPRECATED_OBJC_IMPLEMENTATIONS = YES;
				CLANG_WARN_DIRECT_OBJC_ISA_USAGE = YES_ERROR;
				CLANG_WARN_DOCUMENTATION_COMMENTS = YES;
				CLANG_WARN_EMPTY_BODY = YES;
				CLANG_WARN_ENUM_CONVERSION = YES;
				CLANG_WARN_INFINITE_RECURSION = YES;
				CLANG_WARN_INT_CONVERSION = YES;
				CLANG_WARN_NON_LITERAL_NULL_CONVERSION = YES;
				CLANG_WARN_OBJC_IMPLICIT_RETAIN_SELF = YES;
				CLANG_WARN_OBJC_LITERAL_CONVERSION = YES;
				CLANG_WARN_OBJC_ROOT_CLASS = YES_ERROR;
				CLANG_WARN_QUOTED_INCLUDE_IN_FRAMEWORK_HEADER = YES;
				CLANG_WARN_RANGE_LOOP_ANALYSIS = YES;
				CLANG_WARN_STRICT_PROTOTYPES = YES;
				CLANG_WARN_SUSPICIOUS_MOVE = YES;
				CLANG_WARN_UNGUARDED_AVAILABILITY = YES_AGGRESSIVE;
				CLANG_WARN_UNREACHABLE_CODE = YES;
				CLANG_WARN__DUPLICATE_METHOD_MATCH = YES;
				COPY_PHASE_STRIP = NO;
				DEBUG_INFORMATION_FORMAT = "dwarf-with-dsym";
				ENABLE_NS_ASSERTIONS = NO;
				ENABLE_STRICT_OBJC_MSGSEND = YES;
				GCC_C_LANGUAGE_STANDARD = gnu11;
				GCC_NO_COMMON_BLOCKS = YES;
				GCC_WARN_64_TO_32_BIT_CONVERSION = YES;
				GCC_WARN_ABOUT_RETURN_TYPE = YES_ERROR;
				GCC_WARN_UNDECLARED_SELECTOR = YES;
				GCC_WARN_UNINITIALIZED_AUTOS = YES_AGGRESSIVE;
				GCC_WARN_UNUSED_FUNCTION = YES;
				GCC_WARN_UNUSED_VARIABLE = YES;
				IPHONEOS_DEPLOYMENT_TARGET = 15.2;
				MTL_ENABLE_DEBUG_INFO = NO;
				MTL_FAST_MATH = YES;
				SDKROOT = iphoneos;
				SWIFT_COMPILATION_MODE = wholemodule;
				SWIFT_OPTIMIZATION_LEVEL = "-O";
				VALIDATE_PRODUCT = YES;
			};
			name = Release;
		};
		7D2DE89427B064900057C851 /* Debug */ = {
			isa = XCBuildConfiguration;
			baseConfigurationReference = 1406EC5F2FCD3256399A3E7C /* Pods-Flix.debug.xcconfig */;
			buildSettings = {
				ASSETCATALOG_COMPILER_APPICON_NAME = AppIcon;
				ASSETCATALOG_COMPILER_GLOBAL_ACCENT_COLOR_NAME = AccentColor;
				CODE_SIGN_STYLE = Automatic;
				CURRENT_PROJECT_VERSION = 1;
				DEVELOPMENT_TEAM = W2HN9BUXB6;
				GENERATE_INFOPLIST_FILE = YES;
				INFOPLIST_FILE = Flix/Info.plist;
				INFOPLIST_KEY_UIApplicationSupportsIndirectInputEvents = YES;
				INFOPLIST_KEY_UILaunchStoryboardName = LaunchScreen;
				INFOPLIST_KEY_UIMainStoryboardFile = Main;
				INFOPLIST_KEY_UISupportedInterfaceOrientations_iPad = "UIInterfaceOrientationPortrait UIInterfaceOrientationPortraitUpsideDown UIInterfaceOrientationLandscapeLeft UIInterfaceOrientationLandscapeRight";
				INFOPLIST_KEY_UISupportedInterfaceOrientations_iPhone = "UIInterfaceOrientationPortrait UIInterfaceOrientationLandscapeLeft UIInterfaceOrientationLandscapeRight";
				LD_RUNPATH_SEARCH_PATHS = (
					"$(inherited)",
					"@executable_path/Frameworks",
				);
				MARKETING_VERSION = 1.0;
				PRODUCT_BUNDLE_IDENTIFIER = com.smaharjan.Flix;
				PRODUCT_NAME = "$(TARGET_NAME)";
				SWIFT_EMIT_LOC_STRINGS = YES;
				SWIFT_VERSION = 5.0;
				TARGETED_DEVICE_FAMILY = "1,2";
			};
			name = Debug;
		};
		7D2DE89527B064900057C851 /* Release */ = {
			isa = XCBuildConfiguration;
			baseConfigurationReference = BFC9AFEC9881BF5AC5042D6E /* Pods-Flix.release.xcconfig */;
			buildSettings = {
				ASSETCATALOG_COMPILER_APPICON_NAME = AppIcon;
				ASSETCATALOG_COMPILER_GLOBAL_ACCENT_COLOR_NAME = AccentColor;
				CODE_SIGN_STYLE = Automatic;
				CURRENT_PROJECT_VERSION = 1;
				DEVELOPMENT_TEAM = W2HN9BUXB6;
				GENERATE_INFOPLIST_FILE = YES;
				INFOPLIST_FILE = Flix/Info.plist;
				INFOPLIST_KEY_UIApplicationSupportsIndirectInputEvents = YES;
				INFOPLIST_KEY_UILaunchStoryboardName = LaunchScreen;
				INFOPLIST_KEY_UIMainStoryboardFile = Main;
				INFOPLIST_KEY_UISupportedInterfaceOrientations_iPad = "UIInterfaceOrientationPortrait UIInterfaceOrientationPortraitUpsideDown UIInterfaceOrientationLandscapeLeft UIInterfaceOrientationLandscapeRight";
				INFOPLIST_KEY_UISupportedInterfaceOrientations_iPhone = "UIInterfaceOrientationPortrait UIInterfaceOrientationLandscapeLeft UIInterfaceOrientationLandscapeRight";
				LD_RUNPATH_SEARCH_PATHS = (
					"$(inherited)",
					"@executable_path/Frameworks",
				);
				MARKETING_VERSION = 1.0;
				PRODUCT_BUNDLE_IDENTIFIER = com.smaharjan.Flix;
				PRODUCT_NAME = "$(TARGET_NAME)";
				SWIFT_EMIT_LOC_STRINGS = YES;
				SWIFT_VERSION = 5.0;
				TARGETED_DEVICE_FAMILY = "1,2";
			};
			name = Release;
		};
		7D2DE89727B064900057C851 /* Debug */ = {
			isa = XCBuildConfiguration;
			baseConfigurationReference = C41BB3F0442348BB96DEE854 /* Pods-FlixTests.debug.xcconfig */;
			buildSettings = {
				ALWAYS_EMBED_SWIFT_STANDARD_LIBRARIES = YES;
				BUNDLE_LOADER = "$(TEST_HOST)";
				CODE_SIGN_STYLE = Automatic;
				CURRENT_PROJECT_VERSION = 1;
				DEVELOPMENT_TEAM = W2HN9BUXB6;
				GENERATE_INFOPLIST_FILE = YES;
				IPHONEOS_DEPLOYMENT_TARGET = 15.2;
				MARKETING_VERSION = 1.0;
				PRODUCT_BUNDLE_IDENTIFIER = com.smaharjan.FlixTests;
				PRODUCT_NAME = "$(TARGET_NAME)";
				SWIFT_EMIT_LOC_STRINGS = NO;
				SWIFT_VERSION = 5.0;
				TARGETED_DEVICE_FAMILY = "1,2";
				TEST_HOST = "$(BUILT_PRODUCTS_DIR)/Flix.app/Flix";
			};
			name = Debug;
		};
		7D2DE89827B064900057C851 /* Release */ = {
			isa = XCBuildConfiguration;
			baseConfigurationReference = C32F08F0ADFABCDB9C33A70D /* Pods-FlixTests.release.xcconfig */;
			buildSettings = {
				ALWAYS_EMBED_SWIFT_STANDARD_LIBRARIES = YES;
				BUNDLE_LOADER = "$(TEST_HOST)";
				CODE_SIGN_STYLE = Automatic;
				CURRENT_PROJECT_VERSION = 1;
				DEVELOPMENT_TEAM = W2HN9BUXB6;
				GENERATE_INFOPLIST_FILE = YES;
				IPHONEOS_DEPLOYMENT_TARGET = 15.2;
				MARKETING_VERSION = 1.0;
				PRODUCT_BUNDLE_IDENTIFIER = com.smaharjan.FlixTests;
				PRODUCT_NAME = "$(TARGET_NAME)";
				SWIFT_EMIT_LOC_STRINGS = NO;
				SWIFT_VERSION = 5.0;
				TARGETED_DEVICE_FAMILY = "1,2";
				TEST_HOST = "$(BUILT_PRODUCTS_DIR)/Flix.app/Flix";
			};
			name = Release;
		};
		7D2DE89A27B064900057C851 /* Debug */ = {
			isa = XCBuildConfiguration;
			baseConfigurationReference = FE0F35B80DD05312FE051D5C /* Pods-Flix-FlixUITests.debug.xcconfig */;
			buildSettings = {
				ALWAYS_EMBED_SWIFT_STANDARD_LIBRARIES = YES;
				CODE_SIGN_STYLE = Automatic;
				CURRENT_PROJECT_VERSION = 1;
				DEVELOPMENT_TEAM = W2HN9BUXB6;
				GENERATE_INFOPLIST_FILE = YES;
				MARKETING_VERSION = 1.0;
				PRODUCT_BUNDLE_IDENTIFIER = com.smaharjan.FlixUITests;
				PRODUCT_NAME = "$(TARGET_NAME)";
				SWIFT_EMIT_LOC_STRINGS = NO;
				SWIFT_VERSION = 5.0;
				TARGETED_DEVICE_FAMILY = "1,2";
				TEST_TARGET_NAME = Flix;
			};
			name = Debug;
		};
		7D2DE89B27B064900057C851 /* Release */ = {
			isa = XCBuildConfiguration;
			baseConfigurationReference = A59049943CDCAC123CA496C9 /* Pods-Flix-FlixUITests.release.xcconfig */;
			buildSettings = {
				ALWAYS_EMBED_SWIFT_STANDARD_LIBRARIES = YES;
				CODE_SIGN_STYLE = Automatic;
				CURRENT_PROJECT_VERSION = 1;
				DEVELOPMENT_TEAM = W2HN9BUXB6;
				GENERATE_INFOPLIST_FILE = YES;
				MARKETING_VERSION = 1.0;
				PRODUCT_BUNDLE_IDENTIFIER = com.smaharjan.FlixUITests;
				PRODUCT_NAME = "$(TARGET_NAME)";
				SWIFT_EMIT_LOC_STRINGS = NO;
				SWIFT_VERSION = 5.0;
				TARGETED_DEVICE_FAMILY = "1,2";
				TEST_TARGET_NAME = Flix;
			};
			name = Release;
		};
/* End XCBuildConfiguration section */

/* Begin XCConfigurationList section */
		7D2DE86427B0648A0057C851 /* Build configuration list for PBXProject "Flix" */ = {
			isa = XCConfigurationList;
			buildConfigurations = (
				7D2DE89127B064900057C851 /* Debug */,
				7D2DE89227B064900057C851 /* Release */,
			);
			defaultConfigurationIsVisible = 0;
			defaultConfigurationName = Release;
		};
		7D2DE89327B064900057C851 /* Build configuration list for PBXNativeTarget "Flix" */ = {
			isa = XCConfigurationList;
			buildConfigurations = (
				7D2DE89427B064900057C851 /* Debug */,
				7D2DE89527B064900057C851 /* Release */,
			);
			defaultConfigurationIsVisible = 0;
			defaultConfigurationName = Release;
		};
		7D2DE89627B064900057C851 /* Build configuration list for PBXNativeTarget "FlixTests" */ = {
			isa = XCConfigurationList;
			buildConfigurations = (
				7D2DE89727B064900057C851 /* Debug */,
				7D2DE89827B064900057C851 /* Release */,
			);
			defaultConfigurationIsVisible = 0;
			defaultConfigurationName = Release;
		};
		7D2DE89927B064900057C851 /* Build configuration list for PBXNativeTarget "FlixUITests" */ = {
			isa = XCConfigurationList;
			buildConfigurations = (
				7D2DE89A27B064900057C851 /* Debug */,
				7D2DE89B27B064900057C851 /* Release */,
			);
			defaultConfigurationIsVisible = 0;
			defaultConfigurationName = Release;
		};
/* End XCConfigurationList section */

/* Begin XCRemoteSwiftPackageReference section */
		7D972A5927B0AE2E009EADD6 /* XCRemoteSwiftPackageReference "AlamofireImage" */ = {
			isa = XCRemoteSwiftPackageReference;
			repositoryURL = "https://github.com/Alamofire/AlamofireImage";
			requirement = {
				kind = upToNextMajorVersion;
				minimumVersion = 4.0.0;
			};
		};
/* End XCRemoteSwiftPackageReference section */

/* Begin XCSwiftPackageProductDependency section */
		7D972A5A27B0AE2E009EADD6 /* AlamofireImage */ = {
			isa = XCSwiftPackageProductDependency;
			package = 7D972A5927B0AE2E009EADD6 /* XCRemoteSwiftPackageReference "AlamofireImage" */;
			productName = AlamofireImage;
		};
/* End XCSwiftPackageProductDependency section */
	};
	rootObject = 7D2DE86127B0648A0057C851 /* Project object */;
}
